// !$*UTF8*$!
{
	archiveVersion = 1;
	classes = {
	};
	objectVersion = 51;
	objects = {

/* Begin PBXBuildFile section */
		67217846FF24F8A91CAFA061 /* Pods_Cram_CramUITests.framework in Frameworks */ = {isa = PBXBuildFile; fileRef = 3FFDAE77A659BCD903013D02 /* Pods_Cram_CramUITests.framework */; };
		BD0376C24F27CFE06B7A94AC /* Pods_Cram.framework in Frameworks */ = {isa = PBXBuildFile; fileRef = 5B07BDB29C125C622FAD6E58 /* Pods_Cram.framework */; };
		D111E934002C1F3512CB772D /* Pods_CramTests.framework in Frameworks */ = {isa = PBXBuildFile; fileRef = 8214BB2DE44678D9831FFC0C /* Pods_CramTests.framework */; };
		D657770223709A6A009CA875 /* UIStoryboardExtensions.swift in Sources */ = {isa = PBXBuildFile; fileRef = D665B6EA236F5DE900CAE65E /* UIStoryboardExtensions.swift */; };
		D657770323709A7B009CA875 /* UIWindowExtensions.swift in Sources */ = {isa = PBXBuildFile; fileRef = D665B6F2236F5DE900CAE65E /* UIWindowExtensions.swift */; };
		D657770423709A7E009CA875 /* UIViewExtensions.swift in Sources */ = {isa = PBXBuildFile; fileRef = D665B6F1236F5DE900CAE65E /* UIViewExtensions.swift */; };
		D657770523709A81009CA875 /* UIViewControllerExtensions.swift in Sources */ = {isa = PBXBuildFile; fileRef = D665B6F0236F5DE900CAE65E /* UIViewControllerExtensions.swift */; };
		D657770623709A83009CA875 /* UITextViewExtensions.swift in Sources */ = {isa = PBXBuildFile; fileRef = D665B6EF236F5DE900CAE65E /* UITextViewExtensions.swift */; };
		D657770723709A86009CA875 /* UITextFieldExtensions.swift in Sources */ = {isa = PBXBuildFile; fileRef = D665B6EE236F5DE900CAE65E /* UITextFieldExtensions.swift */; };
		D657770823709A89009CA875 /* UITableViewExtensions.swift in Sources */ = {isa = PBXBuildFile; fileRef = D665B6ED236F5DE900CAE65E /* UITableViewExtensions.swift */; };
		D657770923709A8C009CA875 /* UITabBarExtensions.swift in Sources */ = {isa = PBXBuildFile; fileRef = D665B6EC236F5DE900CAE65E /* UITabBarExtensions.swift */; };
		D657770A23709A8F009CA875 /* UISwitchExtensions.swift in Sources */ = {isa = PBXBuildFile; fileRef = D665B6EB236F5DE900CAE65E /* UISwitchExtensions.swift */; };
		D657770B23709A94009CA875 /* UIStackViewExtensions.swift in Sources */ = {isa = PBXBuildFile; fileRef = D665B6E9236F5DE900CAE65E /* UIStackViewExtensions.swift */; };
		D657770C23709A97009CA875 /* UISliderExtensions.swift in Sources */ = {isa = PBXBuildFile; fileRef = D665B6E8236F5DE900CAE65E /* UISliderExtensions.swift */; };
		D657770D23709A99009CA875 /* UISegmentedControlExtensions.swift in Sources */ = {isa = PBXBuildFile; fileRef = D665B6E7236F5DE900CAE65E /* UISegmentedControlExtensions.swift */; };
		D657770E23709A9C009CA875 /* UISearchBarExtensions.swift in Sources */ = {isa = PBXBuildFile; fileRef = D665B6E6236F5DE900CAE65E /* UISearchBarExtensions.swift */; };
		D657770F23709A9E009CA875 /* UIScrollViewExtensions.swift in Sources */ = {isa = PBXBuildFile; fileRef = D665B6E5236F5DE900CAE65E /* UIScrollViewExtensions.swift */; };
		D657771023709AA1009CA875 /* UIRefreshControlExtensions.swift in Sources */ = {isa = PBXBuildFile; fileRef = D665B6E4236F5DE900CAE65E /* UIRefreshControlExtensions.swift */; };
		D657771123709AA4009CA875 /* UINavigationItemExtensions.swift in Sources */ = {isa = PBXBuildFile; fileRef = D665B6E3236F5DE900CAE65E /* UINavigationItemExtensions.swift */; };
		D657771223709AA6009CA875 /* UINavigationControllerExtensions.swift in Sources */ = {isa = PBXBuildFile; fileRef = D665B6E2236F5DE900CAE65E /* UINavigationControllerExtensions.swift */; };
		D657771323709AAA009CA875 /* UINavigationBarExtensions.swift in Sources */ = {isa = PBXBuildFile; fileRef = D665B6E1236F5DE900CAE65E /* UINavigationBarExtensions.swift */; };
		D657771423709AAD009CA875 /* UILabelExtensions.swift in Sources */ = {isa = PBXBuildFile; fileRef = D665B6DF236F5DE900CAE65E /* UILabelExtensions.swift */; };
		D657771523709AB0009CA875 /* UILayoutPriorityExtensions.swift in Sources */ = {isa = PBXBuildFile; fileRef = D665B6E0236F5DE900CAE65E /* UILayoutPriorityExtensions.swift */; };
		D657771623709AB2009CA875 /* UIImageViewExtensions.swift in Sources */ = {isa = PBXBuildFile; fileRef = D665B6DE236F5DE900CAE65E /* UIImageViewExtensions.swift */; };
		D657771723709AB5009CA875 /* UIImageExtensions.swift in Sources */ = {isa = PBXBuildFile; fileRef = D665B6DD236F5DE900CAE65E /* UIImageExtensions.swift */; };
		D657771823709AB8009CA875 /* UIGestureRecognizerExtensions.swift in Sources */ = {isa = PBXBuildFile; fileRef = D665B6DC236F5DE900CAE65E /* UIGestureRecognizerExtensions.swift */; };
		D657771923709ABB009CA875 /* UIFontExtensions.swift in Sources */ = {isa = PBXBuildFile; fileRef = D665B6DB236F5DE900CAE65E /* UIFontExtensions.swift */; };
		D657771A23709ABE009CA875 /* UIEdgeInsetsExtensions.swift in Sources */ = {isa = PBXBuildFile; fileRef = D665B6DA236F5DE900CAE65E /* UIEdgeInsetsExtensions.swift */; };
		D657771B23709AC0009CA875 /* UIDatePickerExtensions.swift in Sources */ = {isa = PBXBuildFile; fileRef = D665B6D9236F5DE900CAE65E /* UIDatePickerExtensions.swift */; };
		D657771C23709AC3009CA875 /* UICollectionViewExtensions.swift in Sources */ = {isa = PBXBuildFile; fileRef = D665B6D8236F5DE900CAE65E /* UICollectionViewExtensions.swift */; };
		D657771D23709AC6009CA875 /* UIButtonExtensions.swift in Sources */ = {isa = PBXBuildFile; fileRef = D665B6D7236F5DE900CAE65E /* UIButtonExtensions.swift */; };
		D657771E23709AC8009CA875 /* UIBezierPathExtensions.swift in Sources */ = {isa = PBXBuildFile; fileRef = D665B6D6236F5DE900CAE65E /* UIBezierPathExtensions.swift */; };
		D657771F23709ACB009CA875 /* UIBarButtonItemExtensions.swift in Sources */ = {isa = PBXBuildFile; fileRef = D665B6D5236F5DE900CAE65E /* UIBarButtonItemExtensions.swift */; };
		D657772023709ACE009CA875 /* UIApplicationExtensions.swift in Sources */ = {isa = PBXBuildFile; fileRef = D665B6D4236F5DE900CAE65E /* UIApplicationExtensions.swift */; };
		D657772123709AD1009CA875 /* UIAlertControllerExtensions.swift in Sources */ = {isa = PBXBuildFile; fileRef = D665B6D3236F5DE900CAE65E /* UIAlertControllerExtensions.swift */; };
		D657772223709AD5009CA875 /* UIActivityExtensions.swift in Sources */ = {isa = PBXBuildFile; fileRef = D665B6D2236F5DE900CAE65E /* UIActivityExtensions.swift */; };
		D657772323709AD8009CA875 /* ColorExtensions.swift in Sources */ = {isa = PBXBuildFile; fileRef = D665B6D1236F5DE900CAE65E /* ColorExtensions.swift */; };
		D657772523709DFB009CA875 /* Tabbar.xcassets in Resources */ = {isa = PBXBuildFile; fileRef = D657772423709DFB009CA875 /* Tabbar.xcassets */; };
		D65777272370B873009CA875 /* DepartmentTableViewCell.swift in Sources */ = {isa = PBXBuildFile; fileRef = D65777262370B873009CA875 /* DepartmentTableViewCell.swift */; };
		D657772A2370BCCD009CA875 /* BaseTableViewCell.swift in Sources */ = {isa = PBXBuildFile; fileRef = D65777292370BCCD009CA875 /* BaseTableViewCell.swift */; };
		D665B6C2236F2D9C00CAE65E /* Course.storyboard in Resources */ = {isa = PBXBuildFile; fileRef = D665B6C1236F2D9B00CAE65E /* Course.storyboard */; };
		D665B6C6236F2F9200CAE65E /* DepartmentViewController.swift in Sources */ = {isa = PBXBuildFile; fileRef = D665B6C5236F2F9200CAE65E /* DepartmentViewController.swift */; };
		D665B6C8236F302A00CAE65E /* ClassViewController.swift in Sources */ = {isa = PBXBuildFile; fileRef = D665B6C7236F302A00CAE65E /* ClassViewController.swift */; };
		D665B6CA236F3B3100CAE65E /* Colors.xcassets in Resources */ = {isa = PBXBuildFile; fileRef = D665B6C9236F3B3100CAE65E /* Colors.xcassets */; };
		D665B6CC236F59C200CAE65E /* Tabbar.storyboard in Resources */ = {isa = PBXBuildFile; fileRef = D665B6CB236F59C200CAE65E /* Tabbar.storyboard */; };
		D665B6CE236F5A0600CAE65E /* TabbarViewController.swift in Sources */ = {isa = PBXBuildFile; fileRef = D665B6CD236F5A0600CAE65E /* TabbarViewController.swift */; };
		D68C3BEF236CA86900C10B40 /* AppDelegate.swift in Sources */ = {isa = PBXBuildFile; fileRef = D68C3BEE236CA86900C10B40 /* AppDelegate.swift */; };
		D68C3BF1236CA86900C10B40 /* SceneDelegate.swift in Sources */ = {isa = PBXBuildFile; fileRef = D68C3BF0236CA86900C10B40 /* SceneDelegate.swift */; };
		D68C3BF3236CA86900C10B40 /* ViewController.swift in Sources */ = {isa = PBXBuildFile; fileRef = D68C3BF2236CA86900C10B40 /* ViewController.swift */; };
		D68C3BF8236CA86C00C10B40 /* Assets.xcassets in Resources */ = {isa = PBXBuildFile; fileRef = D68C3BF7236CA86C00C10B40 /* Assets.xcassets */; };
		D68C3BFB236CA86C00C10B40 /* LaunchScreen.storyboard in Resources */ = {isa = PBXBuildFile; fileRef = D68C3BF9236CA86C00C10B40 /* LaunchScreen.storyboard */; };
		D68C3C06236CA86C00C10B40 /* CramTests.swift in Sources */ = {isa = PBXBuildFile; fileRef = D68C3C05236CA86C00C10B40 /* CramTests.swift */; };
		D68C3C11236CA86C00C10B40 /* CramUITests.swift in Sources */ = {isa = PBXBuildFile; fileRef = D68C3C10236CA86C00C10B40 /* CramUITests.swift */; };
		D6DF65A3236CDA41008EFB07 /* Auth.storyboard in Resources */ = {isa = PBXBuildFile; fileRef = D6DF65A2236CDA41008EFB07 /* Auth.storyboard */; };
		D6DF65A5236CDA7E008EFB07 /* LoginViewController.swift in Sources */ = {isa = PBXBuildFile; fileRef = D6DF65A4236CDA7E008EFB07 /* LoginViewController.swift */; };
		D6DF65A7236CDA92008EFB07 /* RegisterViewController.swift in Sources */ = {isa = PBXBuildFile; fileRef = D6DF65A6236CDA92008EFB07 /* RegisterViewController.swift */; };
		D6DF65A9236CDC81008EFB07 /* GoogleService-Info.plist in Resources */ = {isa = PBXBuildFile; fileRef = D6DF65A8236CDC81008EFB07 /* GoogleService-Info.plist */; };
		D6DF65AF236DBEFF008EFB07 /* Cram.xcassets in Resources */ = {isa = PBXBuildFile; fileRef = D6DF65AE236DBEFF008EFB07 /* Cram.xcassets */; };
		D6DF65B4236DC32E008EFB07 /* Montserrat-Medium.ttf in Resources */ = {isa = PBXBuildFile; fileRef = D6DF65B1236DC32D008EFB07 /* Montserrat-Medium.ttf */; };
		D6DF65B5236DC32E008EFB07 /* Montserrat-SemiBold.ttf in Resources */ = {isa = PBXBuildFile; fileRef = D6DF65B2236DC32E008EFB07 /* Montserrat-SemiBold.ttf */; };
		D6DF65B6236DC32E008EFB07 /* Montserrat-Regular.ttf in Resources */ = {isa = PBXBuildFile; fileRef = D6DF65B3236DC32E008EFB07 /* Montserrat-Regular.ttf */; };
		D6DF65B8236DCCA6008EFB07 /* TextFieldView.xib in Resources */ = {isa = PBXBuildFile; fileRef = D6DF65B7236DCCA6008EFB07 /* TextFieldView.xib */; };
		D6DF65BA236DCD3C008EFB07 /* TextFieldView.swift in Sources */ = {isa = PBXBuildFile; fileRef = D6DF65B9236DCD3B008EFB07 /* TextFieldView.swift */; };
		D6DF65BC236DCE4D008EFB07 /* BaseView.swift in Sources */ = {isa = PBXBuildFile; fileRef = D6DF65BB236DCE4D008EFB07 /* BaseView.swift */; };
		D6DF65BE236DCED0008EFB07 /* BaseViewController.swift in Sources */ = {isa = PBXBuildFile; fileRef = D6DF65BD236DCED0008EFB07 /* BaseViewController.swift */; };
		D6DF65C1236DD586008EFB07 /* UIColor+Additions.swift in Sources */ = {isa = PBXBuildFile; fileRef = D6DF65C0236DD586008EFB07 /* UIColor+Additions.swift */; };
		D6DF65C3236DD919008EFB07 /* UIFont+Extensions.swift in Sources */ = {isa = PBXBuildFile; fileRef = D6DF65C2236DD919008EFB07 /* UIFont+Extensions.swift */; };
		D6DF65C5236DDA0A008EFB07 /* Montserrat-Bold.ttf in Resources */ = {isa = PBXBuildFile; fileRef = D6DF65C4236DDA0A008EFB07 /* Montserrat-Bold.ttf */; };
		D6DF65C8236DDE5E008EFB07 /* DesignableStackView.swift in Sources */ = {isa = PBXBuildFile; fileRef = D6DF65C7236DDE5E008EFB07 /* DesignableStackView.swift */; };
/* End PBXBuildFile section */

/* Begin PBXContainerItemProxy section */
		D68C3C02236CA86C00C10B40 /* PBXContainerItemProxy */ = {
			isa = PBXContainerItemProxy;
			containerPortal = D68C3BE3236CA86900C10B40 /* Project object */;
			proxyType = 1;
			remoteGlobalIDString = D68C3BEA236CA86900C10B40;
			remoteInfo = Cram;
		};
		D68C3C0D236CA86C00C10B40 /* PBXContainerItemProxy */ = {
			isa = PBXContainerItemProxy;
			containerPortal = D68C3BE3236CA86900C10B40 /* Project object */;
			proxyType = 1;
			remoteGlobalIDString = D68C3BEA236CA86900C10B40;
			remoteInfo = Cram;
		};
/* End PBXContainerItemProxy section */

/* Begin PBXFileReference section */
		0E3588E1D1B8D95114C02A6A /* Pods-Cram-CramUITests.release.xcconfig */ = {isa = PBXFileReference; includeInIndex = 1; lastKnownFileType = text.xcconfig; name = "Pods-Cram-CramUITests.release.xcconfig"; path = "Target Support Files/Pods-Cram-CramUITests/Pods-Cram-CramUITests.release.xcconfig"; sourceTree = "<group>"; };
		3FFDAE77A659BCD903013D02 /* Pods_Cram_CramUITests.framework */ = {isa = PBXFileReference; explicitFileType = wrapper.framework; includeInIndex = 0; path = Pods_Cram_CramUITests.framework; sourceTree = BUILT_PRODUCTS_DIR; };
		5B07BDB29C125C622FAD6E58 /* Pods_Cram.framework */ = {isa = PBXFileReference; explicitFileType = wrapper.framework; includeInIndex = 0; path = Pods_Cram.framework; sourceTree = BUILT_PRODUCTS_DIR; };
		695B7F5EBB0CAAD7FE108A13 /* Pods-CramTests.release.xcconfig */ = {isa = PBXFileReference; includeInIndex = 1; lastKnownFileType = text.xcconfig; name = "Pods-CramTests.release.xcconfig"; path = "Target Support Files/Pods-CramTests/Pods-CramTests.release.xcconfig"; sourceTree = "<group>"; };
		6DD764D5855F2CA527D1EA3B /* Pods-Cram-CramUITests.debug.xcconfig */ = {isa = PBXFileReference; includeInIndex = 1; lastKnownFileType = text.xcconfig; name = "Pods-Cram-CramUITests.debug.xcconfig"; path = "Target Support Files/Pods-Cram-CramUITests/Pods-Cram-CramUITests.debug.xcconfig"; sourceTree = "<group>"; };
		8214BB2DE44678D9831FFC0C /* Pods_CramTests.framework */ = {isa = PBXFileReference; explicitFileType = wrapper.framework; includeInIndex = 0; path = Pods_CramTests.framework; sourceTree = BUILT_PRODUCTS_DIR; };
		C0D0A9BADACCEB3CD6180C80 /* Pods-Cram.release.xcconfig */ = {isa = PBXFileReference; includeInIndex = 1; lastKnownFileType = text.xcconfig; name = "Pods-Cram.release.xcconfig"; path = "Target Support Files/Pods-Cram/Pods-Cram.release.xcconfig"; sourceTree = "<group>"; };
		C5D1975CDC4D24A3522C2AC4 /* Pods-CramTests.debug.xcconfig */ = {isa = PBXFileReference; includeInIndex = 1; lastKnownFileType = text.xcconfig; name = "Pods-CramTests.debug.xcconfig"; path = "Target Support Files/Pods-CramTests/Pods-CramTests.debug.xcconfig"; sourceTree = "<group>"; };
		D657772423709DFB009CA875 /* Tabbar.xcassets */ = {isa = PBXFileReference; lastKnownFileType = folder.assetcatalog; path = Tabbar.xcassets; sourceTree = "<group>"; };
		D65777262370B873009CA875 /* DepartmentTableViewCell.swift */ = {isa = PBXFileReference; lastKnownFileType = sourcecode.swift; path = DepartmentTableViewCell.swift; sourceTree = "<group>"; };
		D65777292370BCCD009CA875 /* BaseTableViewCell.swift */ = {isa = PBXFileReference; lastKnownFileType = sourcecode.swift; path = BaseTableViewCell.swift; sourceTree = "<group>"; };
		D665B6C1236F2D9B00CAE65E /* Course.storyboard */ = {isa = PBXFileReference; lastKnownFileType = file.storyboard; path = Course.storyboard; sourceTree = "<group>"; };
		D665B6C5236F2F9200CAE65E /* DepartmentViewController.swift */ = {isa = PBXFileReference; lastKnownFileType = sourcecode.swift; path = DepartmentViewController.swift; sourceTree = "<group>"; };
		D665B6C7236F302A00CAE65E /* ClassViewController.swift */ = {isa = PBXFileReference; lastKnownFileType = sourcecode.swift; path = ClassViewController.swift; sourceTree = "<group>"; };
		D665B6C9236F3B3100CAE65E /* Colors.xcassets */ = {isa = PBXFileReference; lastKnownFileType = folder.assetcatalog; path = Colors.xcassets; sourceTree = "<group>"; };
		D665B6CB236F59C200CAE65E /* Tabbar.storyboard */ = {isa = PBXFileReference; lastKnownFileType = file.storyboard; path = Tabbar.storyboard; sourceTree = "<group>"; };
		D665B6CD236F5A0600CAE65E /* TabbarViewController.swift */ = {isa = PBXFileReference; lastKnownFileType = sourcecode.swift; path = TabbarViewController.swift; sourceTree = "<group>"; };
		D665B6D1236F5DE900CAE65E /* ColorExtensions.swift */ = {isa = PBXFileReference; lastKnownFileType = sourcecode.swift; name = ColorExtensions.swift; path = Sources/SwifterSwift/Shared/ColorExtensions.swift; sourceTree = "<group>"; };
		D665B6D2236F5DE900CAE65E /* UIActivityExtensions.swift */ = {isa = PBXFileReference; lastKnownFileType = sourcecode.swift; name = UIActivityExtensions.swift; path = Sources/SwifterSwift/UIKit/UIActivityExtensions.swift; sourceTree = "<group>"; };
		D665B6D3236F5DE900CAE65E /* UIAlertControllerExtensions.swift */ = {isa = PBXFileReference; lastKnownFileType = sourcecode.swift; name = UIAlertControllerExtensions.swift; path = Sources/SwifterSwift/UIKit/UIAlertControllerExtensions.swift; sourceTree = "<group>"; };
		D665B6D4236F5DE900CAE65E /* UIApplicationExtensions.swift */ = {isa = PBXFileReference; lastKnownFileType = sourcecode.swift; name = UIApplicationExtensions.swift; path = Sources/SwifterSwift/UIKit/UIApplicationExtensions.swift; sourceTree = "<group>"; };
		D665B6D5236F5DE900CAE65E /* UIBarButtonItemExtensions.swift */ = {isa = PBXFileReference; lastKnownFileType = sourcecode.swift; name = UIBarButtonItemExtensions.swift; path = Sources/SwifterSwift/UIKit/UIBarButtonItemExtensions.swift; sourceTree = "<group>"; };
		D665B6D6236F5DE900CAE65E /* UIBezierPathExtensions.swift */ = {isa = PBXFileReference; lastKnownFileType = sourcecode.swift; name = UIBezierPathExtensions.swift; path = Sources/SwifterSwift/UIKit/UIBezierPathExtensions.swift; sourceTree = "<group>"; };
		D665B6D7236F5DE900CAE65E /* UIButtonExtensions.swift */ = {isa = PBXFileReference; lastKnownFileType = sourcecode.swift; name = UIButtonExtensions.swift; path = Sources/SwifterSwift/UIKit/UIButtonExtensions.swift; sourceTree = "<group>"; };
		D665B6D8236F5DE900CAE65E /* UICollectionViewExtensions.swift */ = {isa = PBXFileReference; lastKnownFileType = sourcecode.swift; name = UICollectionViewExtensions.swift; path = Sources/SwifterSwift/UIKit/UICollectionViewExtensions.swift; sourceTree = "<group>"; };
		D665B6D9236F5DE900CAE65E /* UIDatePickerExtensions.swift */ = {isa = PBXFileReference; lastKnownFileType = sourcecode.swift; name = UIDatePickerExtensions.swift; path = Sources/SwifterSwift/UIKit/UIDatePickerExtensions.swift; sourceTree = "<group>"; };
		D665B6DA236F5DE900CAE65E /* UIEdgeInsetsExtensions.swift */ = {isa = PBXFileReference; lastKnownFileType = sourcecode.swift; name = UIEdgeInsetsExtensions.swift; path = Sources/SwifterSwift/UIKit/UIEdgeInsetsExtensions.swift; sourceTree = "<group>"; };
		D665B6DB236F5DE900CAE65E /* UIFontExtensions.swift */ = {isa = PBXFileReference; lastKnownFileType = sourcecode.swift; name = UIFontExtensions.swift; path = Sources/SwifterSwift/UIKit/UIFontExtensions.swift; sourceTree = "<group>"; };
		D665B6DC236F5DE900CAE65E /* UIGestureRecognizerExtensions.swift */ = {isa = PBXFileReference; lastKnownFileType = sourcecode.swift; name = UIGestureRecognizerExtensions.swift; path = Sources/SwifterSwift/UIKit/UIGestureRecognizerExtensions.swift; sourceTree = "<group>"; };
		D665B6DD236F5DE900CAE65E /* UIImageExtensions.swift */ = {isa = PBXFileReference; lastKnownFileType = sourcecode.swift; name = UIImageExtensions.swift; path = Sources/SwifterSwift/UIKit/UIImageExtensions.swift; sourceTree = "<group>"; };
		D665B6DE236F5DE900CAE65E /* UIImageViewExtensions.swift */ = {isa = PBXFileReference; lastKnownFileType = sourcecode.swift; name = UIImageViewExtensions.swift; path = Sources/SwifterSwift/UIKit/UIImageViewExtensions.swift; sourceTree = "<group>"; };
		D665B6DF236F5DE900CAE65E /* UILabelExtensions.swift */ = {isa = PBXFileReference; lastKnownFileType = sourcecode.swift; name = UILabelExtensions.swift; path = Sources/SwifterSwift/UIKit/UILabelExtensions.swift; sourceTree = "<group>"; };
		D665B6E0236F5DE900CAE65E /* UILayoutPriorityExtensions.swift */ = {isa = PBXFileReference; lastKnownFileType = sourcecode.swift; name = UILayoutPriorityExtensions.swift; path = Sources/SwifterSwift/UIKit/UILayoutPriorityExtensions.swift; sourceTree = "<group>"; };
		D665B6E1236F5DE900CAE65E /* UINavigationBarExtensions.swift */ = {isa = PBXFileReference; lastKnownFileType = sourcecode.swift; name = UINavigationBarExtensions.swift; path = Sources/SwifterSwift/UIKit/UINavigationBarExtensions.swift; sourceTree = "<group>"; };
		D665B6E2236F5DE900CAE65E /* UINavigationControllerExtensions.swift */ = {isa = PBXFileReference; lastKnownFileType = sourcecode.swift; name = UINavigationControllerExtensions.swift; path = Sources/SwifterSwift/UIKit/UINavigationControllerExtensions.swift; sourceTree = "<group>"; };
		D665B6E3236F5DE900CAE65E /* UINavigationItemExtensions.swift */ = {isa = PBXFileReference; lastKnownFileType = sourcecode.swift; name = UINavigationItemExtensions.swift; path = Sources/SwifterSwift/UIKit/UINavigationItemExtensions.swift; sourceTree = "<group>"; };
		D665B6E4236F5DE900CAE65E /* UIRefreshControlExtensions.swift */ = {isa = PBXFileReference; lastKnownFileType = sourcecode.swift; name = UIRefreshControlExtensions.swift; path = Sources/SwifterSwift/UIKit/UIRefreshControlExtensions.swift; sourceTree = "<group>"; };
		D665B6E5236F5DE900CAE65E /* UIScrollViewExtensions.swift */ = {isa = PBXFileReference; lastKnownFileType = sourcecode.swift; name = UIScrollViewExtensions.swift; path = Sources/SwifterSwift/UIKit/UIScrollViewExtensions.swift; sourceTree = "<group>"; };
		D665B6E6236F5DE900CAE65E /* UISearchBarExtensions.swift */ = {isa = PBXFileReference; lastKnownFileType = sourcecode.swift; name = UISearchBarExtensions.swift; path = Sources/SwifterSwift/UIKit/UISearchBarExtensions.swift; sourceTree = "<group>"; };
		D665B6E7236F5DE900CAE65E /* UISegmentedControlExtensions.swift */ = {isa = PBXFileReference; lastKnownFileType = sourcecode.swift; name = UISegmentedControlExtensions.swift; path = Sources/SwifterSwift/UIKit/UISegmentedControlExtensions.swift; sourceTree = "<group>"; };
		D665B6E8236F5DE900CAE65E /* UISliderExtensions.swift */ = {isa = PBXFileReference; lastKnownFileType = sourcecode.swift; name = UISliderExtensions.swift; path = Sources/SwifterSwift/UIKit/UISliderExtensions.swift; sourceTree = "<group>"; };
		D665B6E9236F5DE900CAE65E /* UIStackViewExtensions.swift */ = {isa = PBXFileReference; lastKnownFileType = sourcecode.swift; name = UIStackViewExtensions.swift; path = Sources/SwifterSwift/UIKit/UIStackViewExtensions.swift; sourceTree = "<group>"; };
		D665B6EA236F5DE900CAE65E /* UIStoryboardExtensions.swift */ = {isa = PBXFileReference; lastKnownFileType = sourcecode.swift; name = UIStoryboardExtensions.swift; path = Sources/SwifterSwift/UIKit/UIStoryboardExtensions.swift; sourceTree = "<group>"; };
		D665B6EB236F5DE900CAE65E /* UISwitchExtensions.swift */ = {isa = PBXFileReference; lastKnownFileType = sourcecode.swift; name = UISwitchExtensions.swift; path = Sources/SwifterSwift/UIKit/UISwitchExtensions.swift; sourceTree = "<group>"; };
		D665B6EC236F5DE900CAE65E /* UITabBarExtensions.swift */ = {isa = PBXFileReference; lastKnownFileType = sourcecode.swift; name = UITabBarExtensions.swift; path = Sources/SwifterSwift/UIKit/UITabBarExtensions.swift; sourceTree = "<group>"; };
		D665B6ED236F5DE900CAE65E /* UITableViewExtensions.swift */ = {isa = PBXFileReference; lastKnownFileType = sourcecode.swift; name = UITableViewExtensions.swift; path = Sources/SwifterSwift/UIKit/UITableViewExtensions.swift; sourceTree = "<group>"; };
		D665B6EE236F5DE900CAE65E /* UITextFieldExtensions.swift */ = {isa = PBXFileReference; lastKnownFileType = sourcecode.swift; name = UITextFieldExtensions.swift; path = Sources/SwifterSwift/UIKit/UITextFieldExtensions.swift; sourceTree = "<group>"; };
		D665B6EF236F5DE900CAE65E /* UITextViewExtensions.swift */ = {isa = PBXFileReference; lastKnownFileType = sourcecode.swift; name = UITextViewExtensions.swift; path = Sources/SwifterSwift/UIKit/UITextViewExtensions.swift; sourceTree = "<group>"; };
		D665B6F0236F5DE900CAE65E /* UIViewControllerExtensions.swift */ = {isa = PBXFileReference; lastKnownFileType = sourcecode.swift; name = UIViewControllerExtensions.swift; path = Sources/SwifterSwift/UIKit/UIViewControllerExtensions.swift; sourceTree = "<group>"; };
		D665B6F1236F5DE900CAE65E /* UIViewExtensions.swift */ = {isa = PBXFileReference; lastKnownFileType = sourcecode.swift; name = UIViewExtensions.swift; path = Sources/SwifterSwift/UIKit/UIViewExtensions.swift; sourceTree = "<group>"; };
		D665B6F2236F5DE900CAE65E /* UIWindowExtensions.swift */ = {isa = PBXFileReference; lastKnownFileType = sourcecode.swift; name = UIWindowExtensions.swift; path = Sources/SwifterSwift/UIKit/UIWindowExtensions.swift; sourceTree = "<group>"; };
		D68C3BEB236CA86900C10B40 /* Cram.app */ = {isa = PBXFileReference; explicitFileType = wrapper.application; includeInIndex = 0; path = Cram.app; sourceTree = BUILT_PRODUCTS_DIR; };
		D68C3BEE236CA86900C10B40 /* AppDelegate.swift */ = {isa = PBXFileReference; lastKnownFileType = sourcecode.swift; path = AppDelegate.swift; sourceTree = "<group>"; };
		D68C3BF0236CA86900C10B40 /* SceneDelegate.swift */ = {isa = PBXFileReference; lastKnownFileType = sourcecode.swift; path = SceneDelegate.swift; sourceTree = "<group>"; };
		D68C3BF2236CA86900C10B40 /* ViewController.swift */ = {isa = PBXFileReference; lastKnownFileType = sourcecode.swift; path = ViewController.swift; sourceTree = "<group>"; };
		D68C3BF7236CA86C00C10B40 /* Assets.xcassets */ = {isa = PBXFileReference; lastKnownFileType = folder.assetcatalog; path = Assets.xcassets; sourceTree = "<group>"; };
		D68C3BFA236CA86C00C10B40 /* Base */ = {isa = PBXFileReference; lastKnownFileType = file.storyboard; name = Base; path = Base.lproj/LaunchScreen.storyboard; sourceTree = "<group>"; };
		D68C3BFC236CA86C00C10B40 /* Info.plist */ = {isa = PBXFileReference; lastKnownFileType = text.plist.xml; path = Info.plist; sourceTree = "<group>"; };
		D68C3C01236CA86C00C10B40 /* CramTests.xctest */ = {isa = PBXFileReference; explicitFileType = wrapper.cfbundle; includeInIndex = 0; path = CramTests.xctest; sourceTree = BUILT_PRODUCTS_DIR; };
		D68C3C05236CA86C00C10B40 /* CramTests.swift */ = {isa = PBXFileReference; lastKnownFileType = sourcecode.swift; path = CramTests.swift; sourceTree = "<group>"; };
		D68C3C07236CA86C00C10B40 /* Info.plist */ = {isa = PBXFileReference; lastKnownFileType = text.plist.xml; path = Info.plist; sourceTree = "<group>"; };
		D68C3C0C236CA86C00C10B40 /* CramUITests.xctest */ = {isa = PBXFileReference; explicitFileType = wrapper.cfbundle; includeInIndex = 0; path = CramUITests.xctest; sourceTree = BUILT_PRODUCTS_DIR; };
		D68C3C10236CA86C00C10B40 /* CramUITests.swift */ = {isa = PBXFileReference; lastKnownFileType = sourcecode.swift; path = CramUITests.swift; sourceTree = "<group>"; };
		D68C3C12236CA86C00C10B40 /* Info.plist */ = {isa = PBXFileReference; lastKnownFileType = text.plist.xml; path = Info.plist; sourceTree = "<group>"; };
		D6DF65A2236CDA41008EFB07 /* Auth.storyboard */ = {isa = PBXFileReference; lastKnownFileType = file.storyboard; path = Auth.storyboard; sourceTree = "<group>"; };
		D6DF65A4236CDA7E008EFB07 /* LoginViewController.swift */ = {isa = PBXFileReference; lastKnownFileType = sourcecode.swift; path = LoginViewController.swift; sourceTree = "<group>"; };
		D6DF65A6236CDA92008EFB07 /* RegisterViewController.swift */ = {isa = PBXFileReference; lastKnownFileType = sourcecode.swift; path = RegisterViewController.swift; sourceTree = "<group>"; };
		D6DF65A8236CDC81008EFB07 /* GoogleService-Info.plist */ = {isa = PBXFileReference; fileEncoding = 4; lastKnownFileType = text.plist.xml; path = "GoogleService-Info.plist"; sourceTree = "<group>"; };
		D6DF65AE236DBEFF008EFB07 /* Cram.xcassets */ = {isa = PBXFileReference; lastKnownFileType = folder.assetcatalog; path = Cram.xcassets; sourceTree = "<group>"; };
		D6DF65B1236DC32D008EFB07 /* Montserrat-Medium.ttf */ = {isa = PBXFileReference; lastKnownFileType = file; path = "Montserrat-Medium.ttf"; sourceTree = "<group>"; };
		D6DF65B2236DC32E008EFB07 /* Montserrat-SemiBold.ttf */ = {isa = PBXFileReference; lastKnownFileType = file; path = "Montserrat-SemiBold.ttf"; sourceTree = "<group>"; };
		D6DF65B3236DC32E008EFB07 /* Montserrat-Regular.ttf */ = {isa = PBXFileReference; lastKnownFileType = file; path = "Montserrat-Regular.ttf"; sourceTree = "<group>"; };
		D6DF65B7236DCCA6008EFB07 /* TextFieldView.xib */ = {isa = PBXFileReference; lastKnownFileType = file.xib; path = TextFieldView.xib; sourceTree = "<group>"; };
		D6DF65B9236DCD3B008EFB07 /* TextFieldView.swift */ = {isa = PBXFileReference; lastKnownFileType = sourcecode.swift; path = TextFieldView.swift; sourceTree = "<group>"; };
		D6DF65BB236DCE4D008EFB07 /* BaseView.swift */ = {isa = PBXFileReference; lastKnownFileType = sourcecode.swift; path = BaseView.swift; sourceTree = "<group>"; };
		D6DF65BD236DCED0008EFB07 /* BaseViewController.swift */ = {isa = PBXFileReference; lastKnownFileType = sourcecode.swift; path = BaseViewController.swift; sourceTree = "<group>"; };
		D6DF65C0236DD586008EFB07 /* UIColor+Additions.swift */ = {isa = PBXFileReference; lastKnownFileType = sourcecode.swift; path = "UIColor+Additions.swift"; sourceTree = "<group>"; };
		D6DF65C2236DD919008EFB07 /* UIFont+Extensions.swift */ = {isa = PBXFileReference; lastKnownFileType = sourcecode.swift; path = "UIFont+Extensions.swift"; sourceTree = "<group>"; };
		D6DF65C4236DDA0A008EFB07 /* Montserrat-Bold.ttf */ = {isa = PBXFileReference; lastKnownFileType = file; path = "Montserrat-Bold.ttf"; sourceTree = "<group>"; };
		D6DF65C7236DDE5E008EFB07 /* DesignableStackView.swift */ = {isa = PBXFileReference; lastKnownFileType = sourcecode.swift; path = DesignableStackView.swift; sourceTree = "<group>"; };
		DAEC3AD53BA3F01E41EE345E /* Pods-Cram.debug.xcconfig */ = {isa = PBXFileReference; includeInIndex = 1; lastKnownFileType = text.xcconfig; name = "Pods-Cram.debug.xcconfig"; path = "Target Support Files/Pods-Cram/Pods-Cram.debug.xcconfig"; sourceTree = "<group>"; };
/* End PBXFileReference section */

/* Begin PBXFrameworksBuildPhase section */
		D68C3BE8236CA86900C10B40 /* Frameworks */ = {
			isa = PBXFrameworksBuildPhase;
			buildActionMask = 2147483647;
			files = (
				BD0376C24F27CFE06B7A94AC /* Pods_Cram.framework in Frameworks */,
			);
			runOnlyForDeploymentPostprocessing = 0;
		};
		D68C3BFE236CA86C00C10B40 /* Frameworks */ = {
			isa = PBXFrameworksBuildPhase;
			buildActionMask = 2147483647;
			files = (
				D111E934002C1F3512CB772D /* Pods_CramTests.framework in Frameworks */,
			);
			runOnlyForDeploymentPostprocessing = 0;
		};
		D68C3C09236CA86C00C10B40 /* Frameworks */ = {
			isa = PBXFrameworksBuildPhase;
			buildActionMask = 2147483647;
			files = (
				67217846FF24F8A91CAFA061 /* Pods_Cram_CramUITests.framework in Frameworks */,
			);
			runOnlyForDeploymentPostprocessing = 0;
		};
/* End PBXFrameworksBuildPhase section */

/* Begin PBXGroup section */
		59ED37D9C37542CC764CE232 /* Pods */ = {
			isa = PBXGroup;
			children = (
				DAEC3AD53BA3F01E41EE345E /* Pods-Cram.debug.xcconfig */,
				C0D0A9BADACCEB3CD6180C80 /* Pods-Cram.release.xcconfig */,
				6DD764D5855F2CA527D1EA3B /* Pods-Cram-CramUITests.debug.xcconfig */,
				0E3588E1D1B8D95114C02A6A /* Pods-Cram-CramUITests.release.xcconfig */,
				C5D1975CDC4D24A3522C2AC4 /* Pods-CramTests.debug.xcconfig */,
				695B7F5EBB0CAAD7FE108A13 /* Pods-CramTests.release.xcconfig */,
			);
			path = Pods;
			sourceTree = "<group>";
		};
		7BAE77A78FE0B521B500DFFC /* Frameworks */ = {
			isa = PBXGroup;
			children = (
				5B07BDB29C125C622FAD6E58 /* Pods_Cram.framework */,
				3FFDAE77A659BCD903013D02 /* Pods_Cram_CramUITests.framework */,
				8214BB2DE44678D9831FFC0C /* Pods_CramTests.framework */,
			);
			name = Frameworks;
			sourceTree = "<group>";
		};
		D65777282370B87A009CA875 /* Cell */ = {
			isa = PBXGroup;
			children = (
				D65777262370B873009CA875 /* DepartmentTableViewCell.swift */,
			);
			path = Cell;
			sourceTree = "<group>";
		};
		D665B6F3236F5DE900CAE65E /* UIKit */ = {
			isa = PBXGroup;
			children = (
				D665B6D1236F5DE900CAE65E /* ColorExtensions.swift */,
				D665B6D2236F5DE900CAE65E /* UIActivityExtensions.swift */,
				D665B6D3236F5DE900CAE65E /* UIAlertControllerExtensions.swift */,
				D665B6D4236F5DE900CAE65E /* UIApplicationExtensions.swift */,
				D665B6D5236F5DE900CAE65E /* UIBarButtonItemExtensions.swift */,
				D665B6D6236F5DE900CAE65E /* UIBezierPathExtensions.swift */,
				D665B6D7236F5DE900CAE65E /* UIButtonExtensions.swift */,
				D665B6D8236F5DE900CAE65E /* UICollectionViewExtensions.swift */,
				D665B6D9236F5DE900CAE65E /* UIDatePickerExtensions.swift */,
				D665B6DA236F5DE900CAE65E /* UIEdgeInsetsExtensions.swift */,
				D665B6DB236F5DE900CAE65E /* UIFontExtensions.swift */,
				D665B6DC236F5DE900CAE65E /* UIGestureRecognizerExtensions.swift */,
				D665B6DD236F5DE900CAE65E /* UIImageExtensions.swift */,
				D665B6DE236F5DE900CAE65E /* UIImageViewExtensions.swift */,
				D665B6DF236F5DE900CAE65E /* UILabelExtensions.swift */,
				D665B6E0236F5DE900CAE65E /* UILayoutPriorityExtensions.swift */,
				D665B6E1236F5DE900CAE65E /* UINavigationBarExtensions.swift */,
				D665B6E2236F5DE900CAE65E /* UINavigationControllerExtensions.swift */,
				D665B6E3236F5DE900CAE65E /* UINavigationItemExtensions.swift */,
				D665B6E4236F5DE900CAE65E /* UIRefreshControlExtensions.swift */,
				D665B6E5236F5DE900CAE65E /* UIScrollViewExtensions.swift */,
				D665B6E6236F5DE900CAE65E /* UISearchBarExtensions.swift */,
				D665B6E7236F5DE900CAE65E /* UISegmentedControlExtensions.swift */,
				D665B6E8236F5DE900CAE65E /* UISliderExtensions.swift */,
				D665B6E9236F5DE900CAE65E /* UIStackViewExtensions.swift */,
				D665B6EA236F5DE900CAE65E /* UIStoryboardExtensions.swift */,
				D665B6EB236F5DE900CAE65E /* UISwitchExtensions.swift */,
				D665B6EC236F5DE900CAE65E /* UITabBarExtensions.swift */,
				D665B6ED236F5DE900CAE65E /* UITableViewExtensions.swift */,
				D665B6EE236F5DE900CAE65E /* UITextFieldExtensions.swift */,
				D665B6EF236F5DE900CAE65E /* UITextViewExtensions.swift */,
				D665B6F0236F5DE900CAE65E /* UIViewControllerExtensions.swift */,
				D665B6F1236F5DE900CAE65E /* UIViewExtensions.swift */,
				D665B6F2236F5DE900CAE65E /* UIWindowExtensions.swift */,
			);
			name = UIKit;
			path = SwifterSwift;
			sourceTree = "<group>";
		};
		D68C3BE2236CA86900C10B40 = {
			isa = PBXGroup;
			children = (
				D68C3BED236CA86900C10B40 /* Cram */,
				D68C3C04236CA86C00C10B40 /* CramTests */,
				D68C3C0F236CA86C00C10B40 /* CramUITests */,
				D68C3BEC236CA86900C10B40 /* Products */,
				59ED37D9C37542CC764CE232 /* Pods */,
				7BAE77A78FE0B521B500DFFC /* Frameworks */,
			);
			sourceTree = "<group>";
		};
		D68C3BEC236CA86900C10B40 /* Products */ = {
			isa = PBXGroup;
			children = (
				D68C3BEB236CA86900C10B40 /* Cram.app */,
				D68C3C01236CA86C00C10B40 /* CramTests.xctest */,
				D68C3C0C236CA86C00C10B40 /* CramUITests.xctest */,
			);
			name = Products;
			sourceTree = "<group>";
		};
		D68C3BED236CA86900C10B40 /* Cram */ = {
			isa = PBXGroup;
			children = (
				D6DF65BF236DD53B008EFB07 /* Extensions */,
				D6DF65AA236DBE82008EFB07 /* Supporting Files */,
				D6DF659C236CD7D5008EFB07 /* Core */,
				D6DF659B236CD7C6008EFB07 /* Scenes */,
				D6DF659A236CD7B9008EFB07 /* Custom Views */,
				D68C3BEE236CA86900C10B40 /* AppDelegate.swift */,
				D68C3BF0236CA86900C10B40 /* SceneDelegate.swift */,
				D68C3BF2236CA86900C10B40 /* ViewController.swift */,
				D68C3BF7236CA86C00C10B40 /* Assets.xcassets */,
				D68C3BF9236CA86C00C10B40 /* LaunchScreen.storyboard */,
				D68C3BFC236CA86C00C10B40 /* Info.plist */,
				D6DF65A8236CDC81008EFB07 /* GoogleService-Info.plist */,
			);
			path = Cram;
			sourceTree = "<group>";
		};
		D68C3C04236CA86C00C10B40 /* CramTests */ = {
			isa = PBXGroup;
			children = (
				D68C3C05236CA86C00C10B40 /* CramTests.swift */,
				D68C3C07236CA86C00C10B40 /* Info.plist */,
			);
			path = CramTests;
			sourceTree = "<group>";
		};
		D68C3C0F236CA86C00C10B40 /* CramUITests */ = {
			isa = PBXGroup;
			children = (
				D68C3C10236CA86C00C10B40 /* CramUITests.swift */,
				D68C3C12236CA86C00C10B40 /* Info.plist */,
			);
			path = CramUITests;
			sourceTree = "<group>";
		};
		D6DF659A236CD7B9008EFB07 /* Custom Views */ = {
			isa = PBXGroup;
			children = (
				D6DF65C6236DDE41008EFB07 /* StackView */,
				D6DF65B0236DBF79008EFB07 /* TextField */,
				D6DF65A1236CD9DA008EFB07 /* Tabbar */,
			);
			path = "Custom Views";
			sourceTree = "<group>";
		};
		D6DF659B236CD7C6008EFB07 /* Scenes */ = {
			isa = PBXGroup;
			children = (
				D6DF659D236CD86B008EFB07 /* Auth */,
				D6DF659E236CD872008EFB07 /* Course */,
				D6DF65A0236CD960008EFB07 /* Chat */,
				D6DF659F236CD8A2008EFB07 /* Account */,
			);
			path = Scenes;
			sourceTree = "<group>";
		};
		D6DF659C236CD7D5008EFB07 /* Core */ = {
			isa = PBXGroup;
			children = (
				D6DF65BB236DCE4D008EFB07 /* BaseView.swift */,
				D6DF65BD236DCED0008EFB07 /* BaseViewController.swift */,
				D65777292370BCCD009CA875 /* BaseTableViewCell.swift */,
			);
			path = Core;
			sourceTree = "<group>";
		};
		D6DF659D236CD86B008EFB07 /* Auth */ = {
			isa = PBXGroup;
			children = (
				D6DF65A2236CDA41008EFB07 /* Auth.storyboard */,
				D6DF65A4236CDA7E008EFB07 /* LoginViewController.swift */,
				D6DF65A6236CDA92008EFB07 /* RegisterViewController.swift */,
			);
			path = Auth;
			sourceTree = "<group>";
		};
		D6DF659E236CD872008EFB07 /* Course */ = {
			isa = PBXGroup;
			children = (
				D65777282370B87A009CA875 /* Cell */,
				D665B6C1236F2D9B00CAE65E /* Course.storyboard */,
				D665B6C5236F2F9200CAE65E /* DepartmentViewController.swift */,
				D665B6C7236F302A00CAE65E /* ClassViewController.swift */,
			);
			path = Course;
			sourceTree = "<group>";
		};
		D6DF659F236CD8A2008EFB07 /* Account */ = {
			isa = PBXGroup;
			children = (
			);
			path = Account;
			sourceTree = "<group>";
		};
		D6DF65A0236CD960008EFB07 /* Chat */ = {
			isa = PBXGroup;
			children = (
			);
			path = Chat;
			sourceTree = "<group>";
		};
		D6DF65A1236CD9DA008EFB07 /* Tabbar */ = {
			isa = PBXGroup;
			children = (
				D665B6CB236F59C200CAE65E /* Tabbar.storyboard */,
				D665B6CD236F5A0600CAE65E /* TabbarViewController.swift */,
				D657772423709DFB009CA875 /* Tabbar.xcassets */,
			);
			path = Tabbar;
			sourceTree = "<group>";
		};
		D6DF65AA236DBE82008EFB07 /* Supporting Files */ = {
			isa = PBXGroup;
			children = (
				D6DF65AD236DBEC5008EFB07 /* AppIcons */,
				D6DF65AC236DBEB3008EFB07 /* Language */,
				D6DF65AB236DBE9A008EFB07 /* Fonts */,
				D665B6C9236F3B3100CAE65E /* Colors.xcassets */,
			);
			path = "Supporting Files";
			sourceTree = "<group>";
		};
		D6DF65AB236DBE9A008EFB07 /* Fonts */ = {
			isa = PBXGroup;
			children = (
				D6DF65B1236DC32D008EFB07 /* Montserrat-Medium.ttf */,
				D6DF65B3236DC32E008EFB07 /* Montserrat-Regular.ttf */,
				D6DF65C4236DDA0A008EFB07 /* Montserrat-Bold.ttf */,
				D6DF65B2236DC32E008EFB07 /* Montserrat-SemiBold.ttf */,
			);
			path = Fonts;
			sourceTree = "<group>";
		};
		D6DF65AC236DBEB3008EFB07 /* Language */ = {
			isa = PBXGroup;
			children = (
			);
			path = Language;
			sourceTree = "<group>";
		};
		D6DF65AD236DBEC5008EFB07 /* AppIcons */ = {
			isa = PBXGroup;
			children = (
				D6DF65AE236DBEFF008EFB07 /* Cram.xcassets */,
			);
			path = AppIcons;
			sourceTree = "<group>";
		};
		D6DF65B0236DBF79008EFB07 /* TextField */ = {
			isa = PBXGroup;
			children = (
				D6DF65B7236DCCA6008EFB07 /* TextFieldView.xib */,
				D6DF65B9236DCD3B008EFB07 /* TextFieldView.swift */,
			);
			path = TextField;
			sourceTree = "<group>";
		};
		D6DF65BF236DD53B008EFB07 /* Extensions */ = {
			isa = PBXGroup;
			children = (
				D665B6F3236F5DE900CAE65E /* UIKit */,
				D6DF65C0236DD586008EFB07 /* UIColor+Additions.swift */,
				D6DF65C2236DD919008EFB07 /* UIFont+Extensions.swift */,
			);
			path = Extensions;
			sourceTree = "<group>";
		};
		D6DF65C6236DDE41008EFB07 /* StackView */ = {
			isa = PBXGroup;
			children = (
				D6DF65C7236DDE5E008EFB07 /* DesignableStackView.swift */,
			);
			path = StackView;
			sourceTree = "<group>";
		};
/* End PBXGroup section */

/* Begin PBXNativeTarget section */
		D68C3BEA236CA86900C10B40 /* Cram */ = {
			isa = PBXNativeTarget;
			buildConfigurationList = D68C3C15236CA86C00C10B40 /* Build configuration list for PBXNativeTarget "Cram" */;
			buildPhases = (
				989738FD9DF90B0B7CF59DFA /* [CP] Check Pods Manifest.lock */,
				D68C3BE7236CA86900C10B40 /* Sources */,
				D68C3BE8236CA86900C10B40 /* Frameworks */,
				D68C3BE9236CA86900C10B40 /* Resources */,
				5A9B8EF929A4BA9B98219BE0 /* [CP] Embed Pods Frameworks */,
			);
			buildRules = (
			);
			dependencies = (
			);
			name = Cram;
			productName = Cram;
			productReference = D68C3BEB236CA86900C10B40 /* Cram.app */;
			productType = "com.apple.product-type.application";
		};
		D68C3C00236CA86C00C10B40 /* CramTests */ = {
			isa = PBXNativeTarget;
			buildConfigurationList = D68C3C18236CA86C00C10B40 /* Build configuration list for PBXNativeTarget "CramTests" */;
			buildPhases = (
				714DF845E0B576E3E6A4261E /* [CP] Check Pods Manifest.lock */,
				D68C3BFD236CA86C00C10B40 /* Sources */,
				D68C3BFE236CA86C00C10B40 /* Frameworks */,
				D68C3BFF236CA86C00C10B40 /* Resources */,
			);
			buildRules = (
			);
			dependencies = (
				D68C3C03236CA86C00C10B40 /* PBXTargetDependency */,
			);
			name = CramTests;
			productName = CramTests;
			productReference = D68C3C01236CA86C00C10B40 /* CramTests.xctest */;
			productType = "com.apple.product-type.bundle.unit-test";
		};
		D68C3C0B236CA86C00C10B40 /* CramUITests */ = {
			isa = PBXNativeTarget;
			buildConfigurationList = D68C3C1B236CA86C00C10B40 /* Build configuration list for PBXNativeTarget "CramUITests" */;
			buildPhases = (
				03BB6EC6AA2D925CC3A38B34 /* [CP] Check Pods Manifest.lock */,
				D68C3C08236CA86C00C10B40 /* Sources */,
				D68C3C09236CA86C00C10B40 /* Frameworks */,
				D68C3C0A236CA86C00C10B40 /* Resources */,
				6DF8B392097F999FFC7700D9 /* [CP] Embed Pods Frameworks */,
			);
			buildRules = (
			);
			dependencies = (
				D68C3C0E236CA86C00C10B40 /* PBXTargetDependency */,
			);
			name = CramUITests;
			productName = CramUITests;
			productReference = D68C3C0C236CA86C00C10B40 /* CramUITests.xctest */;
			productType = "com.apple.product-type.bundle.ui-testing";
		};
/* End PBXNativeTarget section */

/* Begin PBXProject section */
		D68C3BE3236CA86900C10B40 /* Project object */ = {
			isa = PBXProject;
			attributes = {
				LastSwiftUpdateCheck = 1110;
				LastUpgradeCheck = 1110;
				ORGANIZATIONNAME = Mert;
				TargetAttributes = {
					D68C3BEA236CA86900C10B40 = {
						CreatedOnToolsVersion = 11.1;
					};
					D68C3C00236CA86C00C10B40 = {
						CreatedOnToolsVersion = 11.1;
						TestTargetID = D68C3BEA236CA86900C10B40;
					};
					D68C3C0B236CA86C00C10B40 = {
						CreatedOnToolsVersion = 11.1;
						TestTargetID = D68C3BEA236CA86900C10B40;
					};
				};
			};
			buildConfigurationList = D68C3BE6236CA86900C10B40 /* Build configuration list for PBXProject "Cram" */;
			compatibilityVersion = "Xcode 9.3";
			developmentRegion = en;
			hasScannedForEncodings = 0;
			knownRegions = (
				en,
				Base,
			);
			mainGroup = D68C3BE2236CA86900C10B40;
			productRefGroup = D68C3BEC236CA86900C10B40 /* Products */;
			projectDirPath = "";
			projectRoot = "";
			targets = (
				D68C3BEA236CA86900C10B40 /* Cram */,
				D68C3C00236CA86C00C10B40 /* CramTests */,
				D68C3C0B236CA86C00C10B40 /* CramUITests */,
			);
		};
/* End PBXProject section */

/* Begin PBXResourcesBuildPhase section */
		D68C3BE9236CA86900C10B40 /* Resources */ = {
			isa = PBXResourcesBuildPhase;
			buildActionMask = 2147483647;
			files = (
				D6DF65C5236DDA0A008EFB07 /* Montserrat-Bold.ttf in Resources */,
				D6DF65B8236DCCA6008EFB07 /* TextFieldView.xib in Resources */,
				D665B6CC236F59C200CAE65E /* Tabbar.storyboard in Resources */,
				D6DF65B6236DC32E008EFB07 /* Montserrat-Regular.ttf in Resources */,
				D6DF65A3236CDA41008EFB07 /* Auth.storyboard in Resources */,
				D68C3BFB236CA86C00C10B40 /* LaunchScreen.storyboard in Resources */,
				D6DF65A9236CDC81008EFB07 /* GoogleService-Info.plist in Resources */,
				D665B6C2236F2D9C00CAE65E /* Course.storyboard in Resources */,
				D6DF65B4236DC32E008EFB07 /* Montserrat-Medium.ttf in Resources */,
				D68C3BF8236CA86C00C10B40 /* Assets.xcassets in Resources */,
				D665B6CA236F3B3100CAE65E /* Colors.xcassets in Resources */,
				D6DF65AF236DBEFF008EFB07 /* Cram.xcassets in Resources */,
				D6DF65B5236DC32E008EFB07 /* Montserrat-SemiBold.ttf in Resources */,
				D657772523709DFB009CA875 /* Tabbar.xcassets in Resources */,
			);
			runOnlyForDeploymentPostprocessing = 0;
		};
		D68C3BFF236CA86C00C10B40 /* Resources */ = {
			isa = PBXResourcesBuildPhase;
			buildActionMask = 2147483647;
			files = (
			);
			runOnlyForDeploymentPostprocessing = 0;
		};
		D68C3C0A236CA86C00C10B40 /* Resources */ = {
			isa = PBXResourcesBuildPhase;
			buildActionMask = 2147483647;
			files = (
			);
			runOnlyForDeploymentPostprocessing = 0;
		};
/* End PBXResourcesBuildPhase section */

/* Begin PBXShellScriptBuildPhase section */
		03BB6EC6AA2D925CC3A38B34 /* [CP] Check Pods Manifest.lock */ = {
			isa = PBXShellScriptBuildPhase;
			buildActionMask = 2147483647;
			files = (
			);
			inputFileListPaths = (
			);
			inputPaths = (
				"${PODS_PODFILE_DIR_PATH}/Podfile.lock",
				"${PODS_ROOT}/Manifest.lock",
			);
			name = "[CP] Check Pods Manifest.lock";
			outputFileListPaths = (
			);
			outputPaths = (
				"$(DERIVED_FILE_DIR)/Pods-Cram-CramUITests-checkManifestLockResult.txt",
			);
			runOnlyForDeploymentPostprocessing = 0;
			shellPath = /bin/sh;
			shellScript = "diff \"${PODS_PODFILE_DIR_PATH}/Podfile.lock\" \"${PODS_ROOT}/Manifest.lock\" > /dev/null\nif [ $? != 0 ] ; then\n    # print error to STDERR\n    echo \"error: The sandbox is not in sync with the Podfile.lock. Run 'pod install' or update your CocoaPods installation.\" >&2\n    exit 1\nfi\n# This output is used by Xcode 'outputs' to avoid re-running this script phase.\necho \"SUCCESS\" > \"${SCRIPT_OUTPUT_FILE_0}\"\n";
			showEnvVarsInLog = 0;
		};
		5A9B8EF929A4BA9B98219BE0 /* [CP] Embed Pods Frameworks */ = {
			isa = PBXShellScriptBuildPhase;
			buildActionMask = 2147483647;
			files = (
			);
			inputFileListPaths = (
				"${PODS_ROOT}/Target Support Files/Pods-Cram/Pods-Cram-frameworks-${CONFIGURATION}-input-files.xcfilelist",
			);
			name = "[CP] Embed Pods Frameworks";
			outputFileListPaths = (
				"${PODS_ROOT}/Target Support Files/Pods-Cram/Pods-Cram-frameworks-${CONFIGURATION}-output-files.xcfilelist",
			);
			runOnlyForDeploymentPostprocessing = 0;
			shellPath = /bin/sh;
			shellScript = "\"${PODS_ROOT}/Target Support Files/Pods-Cram/Pods-Cram-frameworks.sh\"\n";
			showEnvVarsInLog = 0;
		};
		6DF8B392097F999FFC7700D9 /* [CP] Embed Pods Frameworks */ = {
			isa = PBXShellScriptBuildPhase;
			buildActionMask = 2147483647;
			files = (
			);
			inputFileListPaths = (
				"${PODS_ROOT}/Target Support Files/Pods-Cram-CramUITests/Pods-Cram-CramUITests-frameworks-${CONFIGURATION}-input-files.xcfilelist",
			);
			name = "[CP] Embed Pods Frameworks";
			outputFileListPaths = (
				"${PODS_ROOT}/Target Support Files/Pods-Cram-CramUITests/Pods-Cram-CramUITests-frameworks-${CONFIGURATION}-output-files.xcfilelist",
			);
			runOnlyForDeploymentPostprocessing = 0;
			shellPath = /bin/sh;
			shellScript = "\"${PODS_ROOT}/Target Support Files/Pods-Cram-CramUITests/Pods-Cram-CramUITests-frameworks.sh\"\n";
			showEnvVarsInLog = 0;
		};
		714DF845E0B576E3E6A4261E /* [CP] Check Pods Manifest.lock */ = {
			isa = PBXShellScriptBuildPhase;
			buildActionMask = 2147483647;
			files = (
			);
			inputFileListPaths = (
			);
			inputPaths = (
				"${PODS_PODFILE_DIR_PATH}/Podfile.lock",
				"${PODS_ROOT}/Manifest.lock",
			);
			name = "[CP] Check Pods Manifest.lock";
			outputFileListPaths = (
			);
			outputPaths = (
				"$(DERIVED_FILE_DIR)/Pods-CramTests-checkManifestLockResult.txt",
			);
			runOnlyForDeploymentPostprocessing = 0;
			shellPath = /bin/sh;
			shellScript = "diff \"${PODS_PODFILE_DIR_PATH}/Podfile.lock\" \"${PODS_ROOT}/Manifest.lock\" > /dev/null\nif [ $? != 0 ] ; then\n    # print error to STDERR\n    echo \"error: The sandbox is not in sync with the Podfile.lock. Run 'pod install' or update your CocoaPods installation.\" >&2\n    exit 1\nfi\n# This output is used by Xcode 'outputs' to avoid re-running this script phase.\necho \"SUCCESS\" > \"${SCRIPT_OUTPUT_FILE_0}\"\n";
			showEnvVarsInLog = 0;
		};
		989738FD9DF90B0B7CF59DFA /* [CP] Check Pods Manifest.lock */ = {
			isa = PBXShellScriptBuildPhase;
			buildActionMask = 2147483647;
			files = (
			);
			inputFileListPaths = (
			);
			inputPaths = (
				"${PODS_PODFILE_DIR_PATH}/Podfile.lock",
				"${PODS_ROOT}/Manifest.lock",
			);
			name = "[CP] Check Pods Manifest.lock";
			outputFileListPaths = (
			);
			outputPaths = (
				"$(DERIVED_FILE_DIR)/Pods-Cram-checkManifestLockResult.txt",
			);
			runOnlyForDeploymentPostprocessing = 0;
			shellPath = /bin/sh;
			shellScript = "diff \"${PODS_PODFILE_DIR_PATH}/Podfile.lock\" \"${PODS_ROOT}/Manifest.lock\" > /dev/null\nif [ $? != 0 ] ; then\n    # print error to STDERR\n    echo \"error: The sandbox is not in sync with the Podfile.lock. Run 'pod install' or update your CocoaPods installation.\" >&2\n    exit 1\nfi\n# This output is used by Xcode 'outputs' to avoid re-running this script phase.\necho \"SUCCESS\" > \"${SCRIPT_OUTPUT_FILE_0}\"\n";
			showEnvVarsInLog = 0;
		};
/* End PBXShellScriptBuildPhase section */

/* Begin PBXSourcesBuildPhase section */
		D68C3BE7236CA86900C10B40 /* Sources */ = {
			isa = PBXSourcesBuildPhase;
			buildActionMask = 2147483647;
			files = (
				D657770823709A89009CA875 /* UITableViewExtensions.swift in Sources */,
				D665B6C6236F2F9200CAE65E /* DepartmentViewController.swift in Sources */,
				D657772223709AD5009CA875 /* UIActivityExtensions.swift in Sources */,
				D6DF65A5236CDA7E008EFB07 /* LoginViewController.swift in Sources */,
				D665B6CE236F5A0600CAE65E /* TabbarViewController.swift in Sources */,
				D657770223709A6A009CA875 /* UIStoryboardExtensions.swift in Sources */,
				D657770B23709A94009CA875 /* UIStackViewExtensions.swift in Sources */,
				D657771123709AA4009CA875 /* UINavigationItemExtensions.swift in Sources */,
				D657771023709AA1009CA875 /* UIRefreshControlExtensions.swift in Sources */,
				D657770523709A81009CA875 /* UIViewControllerExtensions.swift in Sources */,
				D6DF65A7236CDA92008EFB07 /* RegisterViewController.swift in Sources */,
				D6DF65BA236DCD3C008EFB07 /* TextFieldView.swift in Sources */,
				D68C3BF3236CA86900C10B40 /* ViewController.swift in Sources */,
				D657770E23709A9C009CA875 /* UISearchBarExtensions.swift in Sources */,
				D657771323709AAA009CA875 /* UINavigationBarExtensions.swift in Sources */,
				D657771A23709ABE009CA875 /* UIEdgeInsetsExtensions.swift in Sources */,
				D657771423709AAD009CA875 /* UILabelExtensions.swift in Sources */,
				D657770D23709A99009CA875 /* UISegmentedControlExtensions.swift in Sources */,
				D657771B23709AC0009CA875 /* UIDatePickerExtensions.swift in Sources */,
				D657771923709ABB009CA875 /* UIFontExtensions.swift in Sources */,
				D657770A23709A8F009CA875 /* UISwitchExtensions.swift in Sources */,
				D665B6C8236F302A00CAE65E /* ClassViewController.swift in Sources */,
				D6DF65BC236DCE4D008EFB07 /* BaseView.swift in Sources */,
				D657772123709AD1009CA875 /* UIAlertControllerExtensions.swift in Sources */,
				D657770323709A7B009CA875 /* UIWindowExtensions.swift in Sources */,
				D6DF65BE236DCED0008EFB07 /* BaseViewController.swift in Sources */,
				D68C3BEF236CA86900C10B40 /* AppDelegate.swift in Sources */,
				D68C3BF1236CA86900C10B40 /* SceneDelegate.swift in Sources */,
				D657772A2370BCCD009CA875 /* BaseTableViewCell.swift in Sources */,
				D657771823709AB8009CA875 /* UIGestureRecognizerExtensions.swift in Sources */,
				D657771D23709AC6009CA875 /* UIButtonExtensions.swift in Sources */,
				D657770F23709A9E009CA875 /* UIScrollViewExtensions.swift in Sources */,
				D6DF65C8236DDE5E008EFB07 /* DesignableStackView.swift in Sources */,
				D657771223709AA6009CA875 /* UINavigationControllerExtensions.swift in Sources */,
				D65777272370B873009CA875 /* DepartmentTableViewCell.swift in Sources */,
				D657771523709AB0009CA875 /* UILayoutPriorityExtensions.swift in Sources */,
				D657771723709AB5009CA875 /* UIImageExtensions.swift in Sources */,
				D657770423709A7E009CA875 /* UIViewExtensions.swift in Sources */,
				D657771E23709AC8009CA875 /* UIBezierPathExtensions.swift in Sources */,
				D657771623709AB2009CA875 /* UIImageViewExtensions.swift in Sources */,
				D657772023709ACE009CA875 /* UIApplicationExtensions.swift in Sources */,
				D657770923709A8C009CA875 /* UITabBarExtensions.swift in Sources */,
				D657770623709A83009CA875 /* UITextViewExtensions.swift in Sources */,
				D657770723709A86009CA875 /* UITextFieldExtensions.swift in Sources */,
				D657770C23709A97009CA875 /* UISliderExtensions.swift in Sources */,
				D657771F23709ACB009CA875 /* UIBarButtonItemExtensions.swift in Sources */,
				D6DF65C3236DD919008EFB07 /* UIFont+Extensions.swift in Sources */,
				D6DF65C1236DD586008EFB07 /* UIColor+Additions.swift in Sources */,
				D657771C23709AC3009CA875 /* UICollectionViewExtensions.swift in Sources */,
				D657772323709AD8009CA875 /* ColorExtensions.swift in Sources */,
			);
			runOnlyForDeploymentPostprocessing = 0;
		};
		D68C3BFD236CA86C00C10B40 /* Sources */ = {
			isa = PBXSourcesBuildPhase;
			buildActionMask = 2147483647;
			files = (
				D68C3C06236CA86C00C10B40 /* CramTests.swift in Sources */,
			);
			runOnlyForDeploymentPostprocessing = 0;
		};
		D68C3C08236CA86C00C10B40 /* Sources */ = {
			isa = PBXSourcesBuildPhase;
			buildActionMask = 2147483647;
			files = (
				D68C3C11236CA86C00C10B40 /* CramUITests.swift in Sources */,
			);
			runOnlyForDeploymentPostprocessing = 0;
		};
/* End PBXSourcesBuildPhase section */

/* Begin PBXTargetDependency section */
		D68C3C03236CA86C00C10B40 /* PBXTargetDependency */ = {
			isa = PBXTargetDependency;
			target = D68C3BEA236CA86900C10B40 /* Cram */;
			targetProxy = D68C3C02236CA86C00C10B40 /* PBXContainerItemProxy */;
		};
		D68C3C0E236CA86C00C10B40 /* PBXTargetDependency */ = {
			isa = PBXTargetDependency;
			target = D68C3BEA236CA86900C10B40 /* Cram */;
			targetProxy = D68C3C0D236CA86C00C10B40 /* PBXContainerItemProxy */;
		};
/* End PBXTargetDependency section */

/* Begin PBXVariantGroup section */
		D68C3BF9236CA86C00C10B40 /* LaunchScreen.storyboard */ = {
			isa = PBXVariantGroup;
			children = (
				D68C3BFA236CA86C00C10B40 /* Base */,
			);
			name = LaunchScreen.storyboard;
			sourceTree = "<group>";
		};
/* End PBXVariantGroup section */

/* Begin XCBuildConfiguration section */
		D68C3C13236CA86C00C10B40 /* Debug */ = {
			isa = XCBuildConfiguration;
			buildSettings = {
				ALWAYS_SEARCH_USER_PATHS = NO;
				CLANG_ANALYZER_NONNULL = YES;
				CLANG_ANALYZER_NUMBER_OBJECT_CONVERSION = YES_AGGRESSIVE;
				CLANG_CXX_LANGUAGE_STANDARD = "gnu++14";
				CLANG_CXX_LIBRARY = "libc++";
				CLANG_ENABLE_MODULES = YES;
				CLANG_ENABLE_OBJC_ARC = YES;
				CLANG_ENABLE_OBJC_WEAK = YES;
				CLANG_WARN_BLOCK_CAPTURE_AUTORELEASING = YES;
				CLANG_WARN_BOOL_CONVERSION = YES;
				CLANG_WARN_COMMA = YES;
				CLANG_WARN_CONSTANT_CONVERSION = YES;
				CLANG_WARN_DEPRECATED_OBJC_IMPLEMENTATIONS = YES;
				CLANG_WARN_DIRECT_OBJC_ISA_USAGE = YES_ERROR;
				CLANG_WARN_DOCUMENTATION_COMMENTS = YES;
				CLANG_WARN_EMPTY_BODY = YES;
				CLANG_WARN_ENUM_CONVERSION = YES;
				CLANG_WARN_INFINITE_RECURSION = YES;
				CLANG_WARN_INT_CONVERSION = YES;
				CLANG_WARN_NON_LITERAL_NULL_CONVERSION = YES;
				CLANG_WARN_OBJC_IMPLICIT_RETAIN_SELF = YES;
				CLANG_WARN_OBJC_LITERAL_CONVERSION = YES;
				CLANG_WARN_OBJC_ROOT_CLASS = YES_ERROR;
				CLANG_WARN_RANGE_LOOP_ANALYSIS = YES;
				CLANG_WARN_STRICT_PROTOTYPES = YES;
				CLANG_WARN_SUSPICIOUS_MOVE = YES;
				CLANG_WARN_UNGUARDED_AVAILABILITY = YES_AGGRESSIVE;
				CLANG_WARN_UNREACHABLE_CODE = YES;
				CLANG_WARN__DUPLICATE_METHOD_MATCH = YES;
				COPY_PHASE_STRIP = NO;
				DEBUG_INFORMATION_FORMAT = dwarf;
				ENABLE_STRICT_OBJC_MSGSEND = YES;
				ENABLE_TESTABILITY = YES;
				GCC_C_LANGUAGE_STANDARD = gnu11;
				GCC_DYNAMIC_NO_PIC = NO;
				GCC_NO_COMMON_BLOCKS = YES;
				GCC_OPTIMIZATION_LEVEL = 0;
				GCC_PREPROCESSOR_DEFINITIONS = (
					"DEBUG=1",
					"$(inherited)",
				);
				GCC_WARN_64_TO_32_BIT_CONVERSION = YES;
				GCC_WARN_ABOUT_RETURN_TYPE = YES_ERROR;
				GCC_WARN_UNDECLARED_SELECTOR = YES;
				GCC_WARN_UNINITIALIZED_AUTOS = YES_AGGRESSIVE;
				GCC_WARN_UNUSED_FUNCTION = YES;
				GCC_WARN_UNUSED_VARIABLE = YES;
				IPHONEOS_DEPLOYMENT_TARGET = 13.1;
				MTL_ENABLE_DEBUG_INFO = INCLUDE_SOURCE;
				MTL_FAST_MATH = YES;
				ONLY_ACTIVE_ARCH = YES;
				SDKROOT = iphoneos;
				SWIFT_ACTIVE_COMPILATION_CONDITIONS = DEBUG;
				SWIFT_OPTIMIZATION_LEVEL = "-Onone";
			};
			name = Debug;
		};
		D68C3C14236CA86C00C10B40 /* Release */ = {
			isa = XCBuildConfiguration;
			buildSettings = {
				ALWAYS_SEARCH_USER_PATHS = NO;
				CLANG_ANALYZER_NONNULL = YES;
				CLANG_ANALYZER_NUMBER_OBJECT_CONVERSION = YES_AGGRESSIVE;
				CLANG_CXX_LANGUAGE_STANDARD = "gnu++14";
				CLANG_CXX_LIBRARY = "libc++";
				CLANG_ENABLE_MODULES = YES;
				CLANG_ENABLE_OBJC_ARC = YES;
				CLANG_ENABLE_OBJC_WEAK = YES;
				CLANG_WARN_BLOCK_CAPTURE_AUTORELEASING = YES;
				CLANG_WARN_BOOL_CONVERSION = YES;
				CLANG_WARN_COMMA = YES;
				CLANG_WARN_CONSTANT_CONVERSION = YES;
				CLANG_WARN_DEPRECATED_OBJC_IMPLEMENTATIONS = YES;
				CLANG_WARN_DIRECT_OBJC_ISA_USAGE = YES_ERROR;
				CLANG_WARN_DOCUMENTATION_COMMENTS = YES;
				CLANG_WARN_EMPTY_BODY = YES;
				CLANG_WARN_ENUM_CONVERSION = YES;
				CLANG_WARN_INFINITE_RECURSION = YES;
				CLANG_WARN_INT_CONVERSION = YES;
				CLANG_WARN_NON_LITERAL_NULL_CONVERSION = YES;
				CLANG_WARN_OBJC_IMPLICIT_RETAIN_SELF = YES;
				CLANG_WARN_OBJC_LITERAL_CONVERSION = YES;
				CLANG_WARN_OBJC_ROOT_CLASS = YES_ERROR;
				CLANG_WARN_RANGE_LOOP_ANALYSIS = YES;
				CLANG_WARN_STRICT_PROTOTYPES = YES;
				CLANG_WARN_SUSPICIOUS_MOVE = YES;
				CLANG_WARN_UNGUARDED_AVAILABILITY = YES_AGGRESSIVE;
				CLANG_WARN_UNREACHABLE_CODE = YES;
				CLANG_WARN__DUPLICATE_METHOD_MATCH = YES;
				COPY_PHASE_STRIP = NO;
				DEBUG_INFORMATION_FORMAT = "dwarf-with-dsym";
				ENABLE_NS_ASSERTIONS = NO;
				ENABLE_STRICT_OBJC_MSGSEND = YES;
				GCC_C_LANGUAGE_STANDARD = gnu11;
				GCC_NO_COMMON_BLOCKS = YES;
				GCC_WARN_64_TO_32_BIT_CONVERSION = YES;
				GCC_WARN_ABOUT_RETURN_TYPE = YES_ERROR;
				GCC_WARN_UNDECLARED_SELECTOR = YES;
				GCC_WARN_UNINITIALIZED_AUTOS = YES_AGGRESSIVE;
				GCC_WARN_UNUSED_FUNCTION = YES;
				GCC_WARN_UNUSED_VARIABLE = YES;
				IPHONEOS_DEPLOYMENT_TARGET = 13.1;
				MTL_ENABLE_DEBUG_INFO = NO;
				MTL_FAST_MATH = YES;
				SDKROOT = iphoneos;
				SWIFT_COMPILATION_MODE = wholemodule;
				SWIFT_OPTIMIZATION_LEVEL = "-O";
				VALIDATE_PRODUCT = YES;
			};
			name = Release;
		};
		D68C3C16236CA86C00C10B40 /* Debug */ = {
			isa = XCBuildConfiguration;
			baseConfigurationReference = DAEC3AD53BA3F01E41EE345E /* Pods-Cram.debug.xcconfig */;
			buildSettings = {
				ASSETCATALOG_COMPILER_APPICON_NAME = AppIcon;
				CODE_SIGN_STYLE = Automatic;
				DEVELOPMENT_TEAM = A2SM8U2RAS;
				INFOPLIST_FILE = Cram/Info.plist;
				LD_RUNPATH_SEARCH_PATHS = (
					"$(inherited)",
					"@executable_path/Frameworks",
				);
				PRODUCT_BUNDLE_IDENTIFIER = com.mert.Cram;
				PRODUCT_NAME = "$(TARGET_NAME)";
				SWIFT_VERSION = 5.0;
				TARGETED_DEVICE_FAMILY = "1,2";
			};
			name = Debug;
		};
		D68C3C17236CA86C00C10B40 /* Release */ = {
			isa = XCBuildConfiguration;
			baseConfigurationReference = C0D0A9BADACCEB3CD6180C80 /* Pods-Cram.release.xcconfig */;
			buildSettings = {
				ASSETCATALOG_COMPILER_APPICON_NAME = AppIcon;
				CODE_SIGN_STYLE = Automatic;
				DEVELOPMENT_TEAM = A2SM8U2RAS;
				INFOPLIST_FILE = Cram/Info.plist;
				LD_RUNPATH_SEARCH_PATHS = (
					"$(inherited)",
					"@executable_path/Frameworks",
				);
				PRODUCT_BUNDLE_IDENTIFIER = com.mert.Cram;
				PRODUCT_NAME = "$(TARGET_NAME)";
				SWIFT_VERSION = 5.0;
				TARGETED_DEVICE_FAMILY = "1,2";
			};
			name = Release;
		};
		D68C3C19236CA86C00C10B40 /* Debug */ = {
			isa = XCBuildConfiguration;
			baseConfigurationReference = C5D1975CDC4D24A3522C2AC4 /* Pods-CramTests.debug.xcconfig */;
			buildSettings = {
				ALWAYS_EMBED_SWIFT_STANDARD_LIBRARIES = YES;
				BUNDLE_LOADER = "$(TEST_HOST)";
				CODE_SIGN_STYLE = Automatic;
				DEVELOPMENT_TEAM = A2SM8U2RAS;
				INFOPLIST_FILE = CramTests/Info.plist;
				IPHONEOS_DEPLOYMENT_TARGET = 13.1;
				LD_RUNPATH_SEARCH_PATHS = (
					"$(inherited)",
					"@executable_path/Frameworks",
					"@loader_path/Frameworks",
				);
				PRODUCT_BUNDLE_IDENTIFIER = com.mert.CramTests;
				PRODUCT_NAME = "$(TARGET_NAME)";
				SWIFT_VERSION = 5.0;
				TARGETED_DEVICE_FAMILY = "1,2";
				TEST_HOST = "$(BUILT_PRODUCTS_DIR)/Cram.app/Cram";
			};
			name = Debug;
		};
		D68C3C1A236CA86C00C10B40 /* Release */ = {
			isa = XCBuildConfiguration;
			baseConfigurationReference = 695B7F5EBB0CAAD7FE108A13 /* Pods-CramTests.release.xcconfig */;
			buildSettings = {
				ALWAYS_EMBED_SWIFT_STANDARD_LIBRARIES = YES;
				BUNDLE_LOADER = "$(TEST_HOST)";
				CODE_SIGN_STYLE = Automatic;
				DEVELOPMENT_TEAM = A2SM8U2RAS;
				INFOPLIST_FILE = CramTests/Info.plist;
				IPHONEOS_DEPLOYMENT_TARGET = 13.1;
				LD_RUNPATH_SEARCH_PATHS = (
					"$(inherited)",
					"@executable_path/Frameworks",
					"@loader_path/Frameworks",
				);
				PRODUCT_BUNDLE_IDENTIFIER = com.mert.CramTests;
				PRODUCT_NAME = "$(TARGET_NAME)";
				SWIFT_VERSION = 5.0;
				TARGETED_DEVICE_FAMILY = "1,2";
				TEST_HOST = "$(BUILT_PRODUCTS_DIR)/Cram.app/Cram";
			};
			name = Release;
		};
		D68C3C1C236CA86C00C10B40 /* Debug */ = {
			isa = XCBuildConfiguration;
			baseConfigurationReference = 6DD764D5855F2CA527D1EA3B /* Pods-Cram-CramUITests.debug.xcconfig */;
			buildSettings = {
				ALWAYS_EMBED_SWIFT_STANDARD_LIBRARIES = YES;
				CODE_SIGN_STYLE = Automatic;
				DEVELOPMENT_TEAM = A2SM8U2RAS;
				INFOPLIST_FILE = CramUITests/Info.plist;
				LD_RUNPATH_SEARCH_PATHS = (
					"$(inherited)",
					"@executable_path/Frameworks",
					"@loader_path/Frameworks",
				);
				PRODUCT_BUNDLE_IDENTIFIER = com.mert.CramUITests;
				PRODUCT_NAME = "$(TARGET_NAME)";
				SWIFT_VERSION = 5.0;
				TARGETED_DEVICE_FAMILY = "1,2";
				TEST_TARGET_NAME = Cram;
			};
			name = Debug;
		};
		D68C3C1D236CA86C00C10B40 /* Release */ = {
			isa = XCBuildConfiguration;
			baseConfigurationReference = 0E3588E1D1B8D95114C02A6A /* Pods-Cram-CramUITests.release.xcconfig */;
			buildSettings = {
				ALWAYS_EMBED_SWIFT_STANDARD_LIBRARIES = YES;
				CODE_SIGN_STYLE = Automatic;
				DEVELOPMENT_TEAM = A2SM8U2RAS;
				INFOPLIST_FILE = CramUITests/Info.plist;
				LD_RUNPATH_SEARCH_PATHS = (
					"$(inherited)",
					"@executable_path/Frameworks",
					"@loader_path/Frameworks",
				);
				PRODUCT_BUNDLE_IDENTIFIER = com.mert.CramUITests;
				PRODUCT_NAME = "$(TARGET_NAME)";
				SWIFT_VERSION = 5.0;
				TARGETED_DEVICE_FAMILY = "1,2";
				TEST_TARGET_NAME = Cram;
			};
			name = Release;
		};
/* End XCBuildConfiguration section */

/* Begin XCConfigurationList section */
		D68C3BE6236CA86900C10B40 /* Build configuration list for PBXProject "Cram" */ = {
			isa = XCConfigurationList;
			buildConfigurations = (
				D68C3C13236CA86C00C10B40 /* Debug */,
				D68C3C14236CA86C00C10B40 /* Release */,
			);
			defaultConfigurationIsVisible = 0;
			defaultConfigurationName = Release;
		};
		D68C3C15236CA86C00C10B40 /* Build configuration list for PBXNativeTarget "Cram" */ = {
			isa = XCConfigurationList;
			buildConfigurations = (
				D68C3C16236CA86C00C10B40 /* Debug */,
				D68C3C17236CA86C00C10B40 /* Release */,
			);
			defaultConfigurationIsVisible = 0;
			defaultConfigurationName = Release;
		};
		D68C3C18236CA86C00C10B40 /* Build configuration list for PBXNativeTarget "CramTests" */ = {
			isa = XCConfigurationList;
			buildConfigurations = (
				D68C3C19236CA86C00C10B40 /* Debug */,
				D68C3C1A236CA86C00C10B40 /* Release */,
			);
			defaultConfigurationIsVisible = 0;
			defaultConfigurationName = Release;
		};
		D68C3C1B236CA86C00C10B40 /* Build configuration list for PBXNativeTarget "CramUITests" */ = {
			isa = XCConfigurationList;
			buildConfigurations = (
				D68C3C1C236CA86C00C10B40 /* Debug */,
				D68C3C1D236CA86C00C10B40 /* Release */,
			);
			defaultConfigurationIsVisible = 0;
			defaultConfigurationName = Release;
		};
/* End XCConfigurationList section */
	};
	rootObject = D68C3BE3236CA86900C10B40 /* Project object */;
}
